
Microsoft Visual Studio Solution File, Format Version 12.00
# Visual Studio 2013
VisualStudioVersion = 12.0.21005.1
MinimumVisualStudioVersion = 10.0.40219.1
Project("{FAE04EC0-301F-11D3-BF4B-00C04F79EFBC}") = "AutomationSMTPServer", "AutomationSMTPServer\AutomationSMTPServer.csproj", "{5B4BE911-642A-470B-BD41-0472123ACED3}"
EndProject
Project("{FAE04EC0-301F-11D3-BF4B-00C04F79EFBC}") = "SMTPServerUsageGuide", "Examples\SMTPServerUsageGuide\SMTPServerUsageGuide.csproj", "{E795F10C-FA2F-43E7-9AC6-08B4A9206CAB}"
EndProject
Global
	GlobalSection(SolutionConfigurationPlatforms) = preSolution
		Debug|Any CPU = Debug|Any CPU
		Release|Any CPU = Release|Any CPU
	EndGlobalSection
	GlobalSection(ProjectConfigurationPlatforms) = postSolution
		{5B4BE911-642A-470B-BD41-0472123ACED3}.Debug|Any CPU.ActiveCfg = Debug|Any CPU
		{5B4BE911-642A-470B-BD41-0472123ACED3}.Debug|Any CPU.Build.0 = Debug|Any CPU
		{5B4BE911-642A-470B-BD41-0472123ACED3}.Release|Any CPU.ActiveCfg = Release|Any CPU
		{5B4BE911-642A-470B-BD41-0472123ACED3}.Release|Any CPU.Build.0 = Release|Any CPU
		{E795F10C-FA2F-43E7-9AC6-08B4A9206CAB}.Debug|Any CPU.ActiveCfg = Debug|Any CPU
		{E795F10C-FA2F-43E7-9AC6-08B4A9206CAB}.Debug|Any CPU.Build.0 = Debug|Any CPU
		{E795F10C-FA2F-43E7-9AC6-08B4A9206CAB}.Release|Any CPU.ActiveCfg = Release|Any CPU
		{E795F10C-FA2F-43E7-9AC6-08B4A9206CAB}.Release|Any CPU.Build.0 = Release|Any CPU
	EndGlobalSection
	GlobalSection(SolutionProperties) = preSolution
		HideSolutionNode = FALSE
	EndGlobalSection
EndGlobal
